
Microsoft Visual Studio Solution File, Format Version 12.00
# Visual Studio 14
VisualStudioVersion = 14.0.25420.1
MinimumVisualStudioVersion = 10.0.40219.1
Project("{2150E333-8FDC-42A3-9474-1A3956D46DE8}") = "src", "src", "{5F877805-1FC7-4895-B04C-417EBD923755}"
EndProject
Project("{2150E333-8FDC-42A3-9474-1A3956D46DE8}") = "Solution Items", "Solution Items", "{6F5D30FF-00EF-461A-A329-CD663DF2C5D7}"
	ProjectSection(SolutionItems) = preProject
		global.json = global.json
		nuget-push.bat = nuget-push.bat
		nuget-push.ps1 = nuget-push.ps1
		README.md = README.md
	EndProjectSection
EndProject
Project("{8BB2217D-0F2D-49D1-97BC-3654ED321F3B}") = "RigoFunc.Account", "src\RigoFunc.Account\RigoFunc.Account.xproj", "{603226F2-3037-4990-8C9A-B0990B811ECD}"
EndProject
Project("{8BB2217D-0F2D-49D1-97BC-3654ED321F3B}") = "Host", "src\Host\Host.xproj", "{A65FA5CB-A363-4F04-AC2F-88DE842E2892}"
EndProject
Project("{2150E333-8FDC-42A3-9474-1A3956D46DE8}") = "test", "test", "{DA301DC6-86B9-4C60-A0EC-012DEE6193D1}"
EndProject
Project("{8BB2217D-0F2D-49D1-97BC-3654ED321F3B}") = "RigoFunc.Account.UnitTests", "test\RigoFunc.Account.UnitTests\RigoFunc.Account.UnitTests.xproj", "{FE688369-A92F-4F77-BFE6-064147E0A97C}"
EndProject
Project("{8BB2217D-0F2D-49D1-97BC-3654ED321F3B}") = "RigoFunc.Account.IntegrationTests", "test\RigoFunc.Account.IntegrationTests\RigoFunc.Account.IntegrationTests.xproj", "{99EE1765-AB1F-4E51-9788-A4D4B1CB7797}"
EndProject
Global
	GlobalSection(SolutionConfigurationPlatforms) = preSolution
		Debug|Any CPU = Debug|Any CPU
		Release|Any CPU = Release|Any CPU
	EndGlobalSection
	GlobalSection(ProjectConfigurationPlatforms) = postSolution
		{603226F2-3037-4990-8C9A-B0990B811ECD}.Debug|Any CPU.ActiveCfg = Debug|Any CPU
		{603226F2-3037-4990-8C9A-B0990B811ECD}.Debug|Any CPU.Build.0 = Debug|Any CPU
		{603226F2-3037-4990-8C9A-B0990B811ECD}.Release|Any CPU.ActiveCfg = Release|Any CPU
		{603226F2-3037-4990-8C9A-B0990B811ECD}.Release|Any CPU.Build.0 = Release|Any CPU
		{A65FA5CB-A363-4F04-AC2F-88DE842E2892}.Debug|Any CPU.ActiveCfg = Debug|Any CPU
		{A65FA5CB-A363-4F04-AC2F-88DE842E2892}.Debug|Any CPU.Build.0 = Debug|Any CPU
		{A65FA5CB-A363-4F04-AC2F-88DE842E2892}.Release|Any CPU.ActiveCfg = Release|Any CPU
		{A65FA5CB-A363-4F04-AC2F-88DE842E2892}.Release|Any CPU.Build.0 = Release|Any CPU
		{FE688369-A92F-4F77-BFE6-064147E0A97C}.Debug|Any CPU.ActiveCfg = Debug|Any CPU
		{FE688369-A92F-4F77-BFE6-064147E0A97C}.Debug|Any CPU.Build.0 = Debug|Any CPU
		{FE688369-A92F-4F77-BFE6-064147E0A97C}.Release|Any CPU.ActiveCfg = Release|Any CPU
		{FE688369-A92F-4F77-BFE6-064147E0A97C}.Release|Any CPU.Build.0 = Release|Any CPU
		{99EE1765-AB1F-4E51-9788-A4D4B1CB7797}.Debug|Any CPU.ActiveCfg = Debug|Any CPU
		{99EE1765-AB1F-4E51-9788-A4D4B1CB7797}.Debug|Any CPU.Build.0 = Debug|Any CPU
		{99EE1765-AB1F-4E51-9788-A4D4B1CB7797}.Release|Any CPU.ActiveCfg = Release|Any CPU
		{99EE1765-AB1F-4E51-9788-A4D4B1CB7797}.Release|Any CPU.Build.0 = Release|Any CPU
	EndGlobalSection
	GlobalSection(SolutionProperties) = preSolution
		HideSolutionNode = FALSE
	EndGlobalSection
	GlobalSection(NestedProjects) = preSolution
		{603226F2-3037-4990-8C9A-B0990B811ECD} = {5F877805-1FC7-4895-B04C-417EBD923755}
		{A65FA5CB-A363-4F04-AC2F-88DE842E2892} = {5F877805-1FC7-4895-B04C-417EBD923755}
		{FE688369-A92F-4F77-BFE6-064147E0A97C} = {DA301DC6-86B9-4C60-A0EC-012DEE6193D1}
		{99EE1765-AB1F-4E51-9788-A4D4B1CB7797} = {DA301DC6-86B9-4C60-A0EC-012DEE6193D1}
	EndGlobalSection
EndGlobal
